
Microsoft Visual Studio Solution File, Format Version 12.00
# Visual Studio Version 16
VisualStudioVersion = 16.0.30128.74
MinimumVisualStudioVersion = 10.0.40219.1
Project("{FAE04EC0-301F-11D3-BF4B-00C04F79EFBC}") = "ServerCmd", "WPFServerCmd\ServerCmd.csproj", "{73E0D937-AAD9-42E7-90AA-4EA37D4C7399}"
EndProject
Global
	GlobalSection(SolutionConfigurationPlatforms) = preSolution
		Debug|Any CPU = Debug|Any CPU
		Release|Any CPU = Release|Any CPU
	EndGlobalSection
	GlobalSection(ProjectConfigurationPlatforms) = postSolution
		{73E0D937-AAD9-42E7-90AA-4EA37D4C7399}.Debug|Any CPU.ActiveCfg = Debug|Any CPU
		{73E0D937-AAD9-42E7-90AA-4EA37D4C7399}.Debug|Any CPU.Build.0 = Debug|Any CPU
		{73E0D937-AAD9-42E7-90AA-4EA37D4C7399}.Release|Any CPU.ActiveCfg = Release|Any CPU
		{73E0D937-AAD9-42E7-90AA-4EA37D4C7399}.Release|Any CPU.Build.0 = Release|Any CPU
	EndGlobalSection
	GlobalSection(SolutionProperties) = preSolution
		HideSolutionNode = FALSE
	EndGlobalSection
	GlobalSection(ExtensibilityGlobals) = postSolution
		SolutionGuid = {40DF3580-F2BD-43FF-A9C5-7700A1EB13A9}
	EndGlobalSection
EndGlobal
